// !$*UTF8*$!
{
	archiveVersion = 1;
	classes = {
	};
	objectVersion = 52;
	objects = {

/* Begin PBXBuildFile section */
		6B12E891257EC392008AACEA /* DestinationHeaderContainer.swift in Sources */ = {isa = PBXBuildFile; fileRef = 6B12E890257EC392008AACEA /* DestinationHeaderContainer.swift */; };
		6B12E897257EC3E6008AACEA /* Attraction.swift in Sources */ = {isa = PBXBuildFile; fileRef = 6B12E896257EC3E6008AACEA /* Attraction.swift */; };
		6B12E89E257F057D008AACEA /* RestaurantDetailsView.swift in Sources */ = {isa = PBXBuildFile; fileRef = 6B12E89D257F057D008AACEA /* RestaurantDetailsView.swift */; };
		6B223812257AC92F007AD921 /* TravelDiscoveryApp.swift in Sources */ = {isa = PBXBuildFile; fileRef = 6B223811257AC92F007AD921 /* TravelDiscoveryApp.swift */; };
		6B223814257AC92F007AD921 /* DiscoverView.swift in Sources */ = {isa = PBXBuildFile; fileRef = 6B223813257AC92F007AD921 /* DiscoverView.swift */; };
		6B223816257AC937007AD921 /* Assets.xcassets in Resources */ = {isa = PBXBuildFile; fileRef = 6B223815257AC937007AD921 /* Assets.xcassets */; };
		6B223819257AC937007AD921 /* Preview Assets.xcassets in Resources */ = {isa = PBXBuildFile; fileRef = 6B223818257AC937007AD921 /* Preview Assets.xcassets */; };
		6B223824257AC937007AD921 /* TravelDiscoveryTests.swift in Sources */ = {isa = PBXBuildFile; fileRef = 6B223823257AC937007AD921 /* TravelDiscoveryTests.swift */; };
		6B22382F257AC937007AD921 /* TravelDiscoveryUITests.swift in Sources */ = {isa = PBXBuildFile; fileRef = 6B22382E257AC937007AD921 /* TravelDiscoveryUITests.swift */; };
		6B41E8E1257C0265001EA82A /* KingfisherStatic in Frameworks */ = {isa = PBXBuildFile; productRef = 6B41E8E0257C0265001EA82A /* KingfisherStatic */; };
		6B41E8E3257C0265001EA82A /* KingfisherSwiftUIStatic in Frameworks */ = {isa = PBXBuildFile; productRef = 6B41E8E2257C0265001EA82A /* KingfisherSwiftUIStatic */; };
		6B41E8E8257C0265001EA82A /* Kingfisher in Frameworks */ = {isa = PBXBuildFile; productRef = 6B41E8E7257C0265001EA82A /* Kingfisher */; };
		6B41E8ED257C0265001EA82A /* KingfisherSwiftUI in Frameworks */ = {isa = PBXBuildFile; productRef = 6B41E8EC257C0265001EA82A /* KingfisherSwiftUI */; };
		6B41E8F3257C040A001EA82A /* SDWebImageSwiftUI in Frameworks */ = {isa = PBXBuildFile; productRef = 6B41E8F2257C040A001EA82A /* SDWebImageSwiftUI */; };
		6B41E8F9257C0811001EA82A /* CategoriesDetailsView.swift in Sources */ = {isa = PBXBuildFile; fileRef = 6B41E8F8257C0811001EA82A /* CategoriesDetailsView.swift */; };
		6B41E906257C09A7001EA82A /* Place.swift in Sources */ = {isa = PBXBuildFile; fileRef = 6B41E905257C09A7001EA82A /* Place.swift */; };
		6B41E90A257C09DC001EA82A /* ActivityIndicatorView.swift in Sources */ = {isa = PBXBuildFile; fileRef = 6B41E909257C09DC001EA82A /* ActivityIndicatorView.swift */; };
		6B41E914257C2015001EA82A /* NavigationLazyView.swift in Sources */ = {isa = PBXBuildFile; fileRef = 6B41E913257C2015001EA82A /* NavigationLazyView.swift */; };
		6BAEF46D25801E7800D9E440 /* RestaurantPhotosView.swift in Sources */ = {isa = PBXBuildFile; fileRef = 6BAEF46C25801E7800D9E440 /* RestaurantPhotosView.swift */; };
		6BB93451257FD1C100DD4EC5 /* Dish.swift in Sources */ = {isa = PBXBuildFile; fileRef = 6BB93450257FD1C100DD4EC5 /* Dish.swift */; };
		6BD1926325803DAB009B6041 /* RestaurantCarousalView.swift in Sources */ = {isa = PBXBuildFile; fileRef = 6BD1926225803DAA009B6041 /* RestaurantCarousalView.swift */; };
		6BDDB0AA257B27B600E120C6 /* PopularDestinationsView.swift in Sources */ = {isa = PBXBuildFile; fileRef = 6BDDB0A9257B27B600E120C6 /* PopularDestinationsView.swift */; };
		6BDDB0AF257B281300E120C6 /* PopularRestaurantsView.swift in Sources */ = {isa = PBXBuildFile; fileRef = 6BDDB0AE257B281300E120C6 /* PopularRestaurantsView.swift */; };
		6BDDB0B7257B28B000E120C6 /* TrendingCreatorsView.swift in Sources */ = {isa = PBXBuildFile; fileRef = 6BDDB0B6257B28B000E120C6 /* TrendingCreatorsView.swift */; };
		6BDDB0BC257B28F000E120C6 /* DiscoverCategoriesView.swift in Sources */ = {isa = PBXBuildFile; fileRef = 6BDDB0BB257B28F000E120C6 /* DiscoverCategoriesView.swift */; };
		6BDDB0C2257B297800E120C6 /* Destination.swift in Sources */ = {isa = PBXBuildFile; fileRef = 6BDDB0C1257B297800E120C6 /* Destination.swift */; };
		6BDDB0CA257B29B600E120C6 /* Restaurant.swift in Sources */ = {isa = PBXBuildFile; fileRef = 6BDDB0C9257B29B600E120C6 /* Restaurant.swift */; };
		6BDDB0CF257B29CE00E120C6 /* User.swift in Sources */ = {isa = PBXBuildFile; fileRef = 6BDDB0CE257B29CE00E120C6 /* User.swift */; };
		6BDDB0D4257B29E900E120C6 /* Category.swift in Sources */ = {isa = PBXBuildFile; fileRef = 6BDDB0D3257B29E900E120C6 /* Category.swift */; };
		6BDDB0E2257B2DB700E120C6 /* TileModifer.swift in Sources */ = {isa = PBXBuildFile; fileRef = 6BDDB0E1257B2DB700E120C6 /* TileModifer.swift */; };
/* End PBXBuildFile section */

/* Begin PBXContainerItemProxy section */
		6B223820257AC937007AD921 /* PBXContainerItemProxy */ = {
			isa = PBXContainerItemProxy;
			containerPortal = 6B223806257AC92F007AD921 /* Project object */;
			proxyType = 1;
			remoteGlobalIDString = 6B22380D257AC92F007AD921;
			remoteInfo = TravelDiscovery;
		};
		6B22382B257AC937007AD921 /* PBXContainerItemProxy */ = {
			isa = PBXContainerItemProxy;
			containerPortal = 6B223806257AC92F007AD921 /* Project object */;
			proxyType = 1;
			remoteGlobalIDString = 6B22380D257AC92F007AD921;
			remoteInfo = TravelDiscovery;
		};
/* End PBXContainerItemProxy section */

/* Begin PBXCopyFilesBuildPhase section */
		6B41E8EE257C0266001EA82A /* Embed Frameworks */ = {
			isa = PBXCopyFilesBuildPhase;
			buildActionMask = 2147483647;
			dstPath = "";
			dstSubfolderSpec = 10;
			files = (
			);
			name = "Embed Frameworks";
			runOnlyForDeploymentPostprocessing = 0;
		};
/* End PBXCopyFilesBuildPhase section */

/* Begin PBXFileReference section */
		6B12E890257EC392008AACEA /* DestinationHeaderContainer.swift */ = {isa = PBXFileReference; lastKnownFileType = sourcecode.swift; path = DestinationHeaderContainer.swift; sourceTree = "<group>"; };
		6B12E896257EC3E6008AACEA /* Attraction.swift */ = {isa = PBXFileReference; lastKnownFileType = sourcecode.swift; path = Attraction.swift; sourceTree = "<group>"; };
		6B12E89D257F057D008AACEA /* RestaurantDetailsView.swift */ = {isa = PBXFileReference; lastKnownFileType = sourcecode.swift; path = RestaurantDetailsView.swift; sourceTree = "<group>"; };
		6B22380E257AC92F007AD921 /* TravelDiscovery.app */ = {isa = PBXFileReference; explicitFileType = wrapper.application; includeInIndex = 0; path = TravelDiscovery.app; sourceTree = BUILT_PRODUCTS_DIR; };
		6B223811257AC92F007AD921 /* TravelDiscoveryApp.swift */ = {isa = PBXFileReference; lastKnownFileType = sourcecode.swift; path = TravelDiscoveryApp.swift; sourceTree = "<group>"; };
		6B223813257AC92F007AD921 /* DiscoverView.swift */ = {isa = PBXFileReference; lastKnownFileType = sourcecode.swift; path = DiscoverView.swift; sourceTree = "<group>"; };
		6B223815257AC937007AD921 /* Assets.xcassets */ = {isa = PBXFileReference; lastKnownFileType = folder.assetcatalog; path = Assets.xcassets; sourceTree = "<group>"; };
		6B223818257AC937007AD921 /* Preview Assets.xcassets */ = {isa = PBXFileReference; lastKnownFileType = folder.assetcatalog; path = "Preview Assets.xcassets"; sourceTree = "<group>"; };
		6B22381A257AC937007AD921 /* Info.plist */ = {isa = PBXFileReference; lastKnownFileType = text.plist.xml; path = Info.plist; sourceTree = "<group>"; };
		6B22381F257AC937007AD921 /* TravelDiscoveryTests.xctest */ = {isa = PBXFileReference; explicitFileType = wrapper.cfbundle; includeInIndex = 0; path = TravelDiscoveryTests.xctest; sourceTree = BUILT_PRODUCTS_DIR; };
		6B223823257AC937007AD921 /* TravelDiscoveryTests.swift */ = {isa = PBXFileReference; lastKnownFileType = sourcecode.swift; path = TravelDiscoveryTests.swift; sourceTree = "<group>"; };
		6B223825257AC937007AD921 /* Info.plist */ = {isa = PBXFileReference; lastKnownFileType = text.plist.xml; path = Info.plist; sourceTree = "<group>"; };
		6B22382A257AC937007AD921 /* TravelDiscoveryUITests.xctest */ = {isa = PBXFileReference; explicitFileType = wrapper.cfbundle; includeInIndex = 0; path = TravelDiscoveryUITests.xctest; sourceTree = BUILT_PRODUCTS_DIR; };
		6B22382E257AC937007AD921 /* TravelDiscoveryUITests.swift */ = {isa = PBXFileReference; lastKnownFileType = sourcecode.swift; path = TravelDiscoveryUITests.swift; sourceTree = "<group>"; };
		6B223830257AC937007AD921 /* Info.plist */ = {isa = PBXFileReference; lastKnownFileType = text.plist.xml; path = Info.plist; sourceTree = "<group>"; };
		6B41E8F8257C0811001EA82A /* CategoriesDetailsView.swift */ = {isa = PBXFileReference; lastKnownFileType = sourcecode.swift; path = CategoriesDetailsView.swift; sourceTree = "<group>"; };
		6B41E905257C09A7001EA82A /* Place.swift */ = {isa = PBXFileReference; lastKnownFileType = sourcecode.swift; path = Place.swift; sourceTree = "<group>"; };
		6B41E909257C09DC001EA82A /* ActivityIndicatorView.swift */ = {isa = PBXFileReference; lastKnownFileType = sourcecode.swift; path = ActivityIndicatorView.swift; sourceTree = "<group>"; };
		6B41E913257C2015001EA82A /* NavigationLazyView.swift */ = {isa = PBXFileReference; lastKnownFileType = sourcecode.swift; path = NavigationLazyView.swift; sourceTree = "<group>"; };
		6BAEF46C25801E7800D9E440 /* RestaurantPhotosView.swift */ = {isa = PBXFileReference; lastKnownFileType = sourcecode.swift; path = RestaurantPhotosView.swift; sourceTree = "<group>"; };
		6BB93450257FD1C100DD4EC5 /* Dish.swift */ = {isa = PBXFileReference; lastKnownFileType = sourcecode.swift; path = Dish.swift; sourceTree = "<group>"; };
		6BD1926225803DAA009B6041 /* RestaurantCarousalView.swift */ = {isa = PBXFileReference; lastKnownFileType = sourcecode.swift; path = RestaurantCarousalView.swift; sourceTree = "<group>"; };
		6BDDB0A9257B27B600E120C6 /* PopularDestinationsView.swift */ = {isa = PBXFileReference; lastKnownFileType = sourcecode.swift; path = PopularDestinationsView.swift; sourceTree = "<group>"; };
		6BDDB0AE257B281300E120C6 /* PopularRestaurantsView.swift */ = {isa = PBXFileReference; lastKnownFileType = sourcecode.swift; path = PopularRestaurantsView.swift; sourceTree = "<group>"; };
		6BDDB0B6257B28B000E120C6 /* TrendingCreatorsView.swift */ = {isa = PBXFileReference; lastKnownFileType = sourcecode.swift; path = TrendingCreatorsView.swift; sourceTree = "<group>"; };
		6BDDB0BB257B28F000E120C6 /* DiscoverCategoriesView.swift */ = {isa = PBXFileReference; lastKnownFileType = sourcecode.swift; path = DiscoverCategoriesView.swift; sourceTree = "<group>"; };
		6BDDB0C1257B297800E120C6 /* Destination.swift */ = {isa = PBXFileReference; lastKnownFileType = sourcecode.swift; path = Destination.swift; sourceTree = "<group>"; };
		6BDDB0C9257B29B600E120C6 /* Restaurant.swift */ = {isa = PBXFileReference; lastKnownFileType = sourcecode.swift; path = Restaurant.swift; sourceTree = "<group>"; };
		6BDDB0CE257B29CE00E120C6 /* User.swift */ = {isa = PBXFileReference; lastKnownFileType = sourcecode.swift; path = User.swift; sourceTree = "<group>"; };
		6BDDB0D3257B29E900E120C6 /* Category.swift */ = {isa = PBXFileReference; lastKnownFileType = sourcecode.swift; path = Category.swift; sourceTree = "<group>"; };
		6BDDB0E1257B2DB700E120C6 /* TileModifer.swift */ = {isa = PBXFileReference; lastKnownFileType = sourcecode.swift; path = TileModifer.swift; sourceTree = "<group>"; };
/* End PBXFileReference section */

/* Begin PBXFrameworksBuildPhase section */
		6B22380B257AC92F007AD921 /* Frameworks */ = {
			isa = PBXFrameworksBuildPhase;
			buildActionMask = 2147483647;
			files = (
				6B41E8F3257C040A001EA82A /* SDWebImageSwiftUI in Frameworks */,
				6B41E8ED257C0265001EA82A /* KingfisherSwiftUI in Frameworks */,
				6B41E8E8257C0265001EA82A /* Kingfisher in Frameworks */,
				6B41E8E3257C0265001EA82A /* KingfisherSwiftUIStatic in Frameworks */,
				6B41E8E1257C0265001EA82A /* KingfisherStatic in Frameworks */,
			);
			runOnlyForDeploymentPostprocessing = 0;
		};
		6B22381C257AC937007AD921 /* Frameworks */ = {
			isa = PBXFrameworksBuildPhase;
			buildActionMask = 2147483647;
			files = (
			);
			runOnlyForDeploymentPostprocessing = 0;
		};
		6B223827257AC937007AD921 /* Frameworks */ = {
			isa = PBXFrameworksBuildPhase;
			buildActionMask = 2147483647;
			files = (
			);
			runOnlyForDeploymentPostprocessing = 0;
		};
/* End PBXFrameworksBuildPhase section */

/* Begin PBXGroup section */
		6B12E88B257EC313008AACEA /* Destination */ = {
			isa = PBXGroup;
			children = (
				6B12E890257EC392008AACEA /* DestinationHeaderContainer.swift */,
			);
			path = Destination;
			sourceTree = "<group>";
		};
		6B12E89C257F0566008AACEA /* Restaurant */ = {
			isa = PBXGroup;
			children = (
				6B12E89D257F057D008AACEA /* RestaurantDetailsView.swift */,
				6BAEF46C25801E7800D9E440 /* RestaurantPhotosView.swift */,
				6BD1926225803DAA009B6041 /* RestaurantCarousalView.swift */,
			);
			path = Restaurant;
			sourceTree = "<group>";
		};
		6B223805257AC92F007AD921 = {
			isa = PBXGroup;
			children = (
				6B223810257AC92F007AD921 /* TravelDiscovery */,
				6B223822257AC937007AD921 /* TravelDiscoveryTests */,
				6B22382D257AC937007AD921 /* TravelDiscoveryUITests */,
				6B22380F257AC92F007AD921 /* Products */,
			);
			sourceTree = "<group>";
		};
		6B22380F257AC92F007AD921 /* Products */ = {
			isa = PBXGroup;
			children = (
				6B22380E257AC92F007AD921 /* TravelDiscovery.app */,
				6B22381F257AC937007AD921 /* TravelDiscoveryTests.xctest */,
				6B22382A257AC937007AD921 /* TravelDiscoveryUITests.xctest */,
			);
			name = Products;
			sourceTree = "<group>";
		};
		6B223810257AC92F007AD921 /* TravelDiscovery */ = {
			isa = PBXGroup;
			children = (
				6BDDB0D8257B2D5200E120C6 /* Helpers */,
				6BDDB0C0257B295400E120C6 /* Models */,
				6BDDB0A5257B267100E120C6 /* Discover */,
				6B223811257AC92F007AD921 /* TravelDiscoveryApp.swift */,
				6B223815257AC937007AD921 /* Assets.xcassets */,
				6B22381A257AC937007AD921 /* Info.plist */,
				6B223817257AC937007AD921 /* Preview Content */,
			);
			path = TravelDiscovery;
			sourceTree = "<group>";
		};
		6B223817257AC937007AD921 /* Preview Content */ = {
			isa = PBXGroup;
			children = (
				6B223818257AC937007AD921 /* Preview Assets.xcassets */,
			);
			path = "Preview Content";
			sourceTree = "<group>";
		};
		6B223822257AC937007AD921 /* TravelDiscoveryTests */ = {
			isa = PBXGroup;
			children = (
				6B223823257AC937007AD921 /* TravelDiscoveryTests.swift */,
				6B223825257AC937007AD921 /* Info.plist */,
			);
			path = TravelDiscoveryTests;
			sourceTree = "<group>";
		};
		6B22382D257AC937007AD921 /* TravelDiscoveryUITests */ = {
			isa = PBXGroup;
			children = (
				6B22382E257AC937007AD921 /* TravelDiscoveryUITests.swift */,
				6B223830257AC937007AD921 /* Info.plist */,
			);
			path = TravelDiscoveryUITests;
			sourceTree = "<group>";
		};
		6B41E8FC257C08D6001EA82A /* Category */ = {
			isa = PBXGroup;
			children = (
				6B41E8F8257C0811001EA82A /* CategoriesDetailsView.swift */,
			);
			path = Category;
			sourceTree = "<group>";
		};
		6BDDB0A5257B267100E120C6 /* Discover */ = {
			isa = PBXGroup;
			children = (
				6B12E89C257F0566008AACEA /* Restaurant */,
				6B12E88B257EC313008AACEA /* Destination */,
				6B41E8FC257C08D6001EA82A /* Category */,
				6B223813257AC92F007AD921 /* DiscoverView.swift */,
				6BDDB0BB257B28F000E120C6 /* DiscoverCategoriesView.swift */,
				6BDDB0AE257B281300E120C6 /* PopularRestaurantsView.swift */,
				6BDDB0A9257B27B600E120C6 /* PopularDestinationsView.swift */,
				6BDDB0B6257B28B000E120C6 /* TrendingCreatorsView.swift */,
			);
			path = Discover;
			sourceTree = "<group>";
		};
		6BDDB0C0257B295400E120C6 /* Models */ = {
			isa = PBXGroup;
			children = (
				6BDDB0C1257B297800E120C6 /* Destination.swift */,
				6B41E905257C09A7001EA82A /* Place.swift */,
				6BDDB0C9257B29B600E120C6 /* Restaurant.swift */,
				6BDDB0CE257B29CE00E120C6 /* User.swift */,
				6BDDB0D3257B29E900E120C6 /* Category.swift */,
				6B12E896257EC3E6008AACEA /* Attraction.swift */,
				6BB93450257FD1C100DD4EC5 /* Dish.swift */,
			);
			path = Models;
			sourceTree = "<group>";
		};
		6BDDB0D8257B2D5200E120C6 /* Helpers */ = {
			isa = PBXGroup;
			children = (
				6BDDB0E1257B2DB700E120C6 /* TileModifer.swift */,
				6B41E909257C09DC001EA82A /* ActivityIndicatorView.swift */,
				6B41E913257C2015001EA82A /* NavigationLazyView.swift */,
			);
			path = Helpers;
			sourceTree = "<group>";
		};
/* End PBXGroup section */

/* Begin PBXNativeTarget section */
		6B22380D257AC92F007AD921 /* TravelDiscovery */ = {
			isa = PBXNativeTarget;
			buildConfigurationList = 6B223833257AC937007AD921 /* Build configuration list for PBXNativeTarget "TravelDiscovery" */;
			buildPhases = (
				6B22380A257AC92F007AD921 /* Sources */,
				6B22380B257AC92F007AD921 /* Frameworks */,
				6B22380C257AC92F007AD921 /* Resources */,
				6B41E8EE257C0266001EA82A /* Embed Frameworks */,
			);
			buildRules = (
			);
			dependencies = (
			);
			name = TravelDiscovery;
			packageProductDependencies = (
				6B41E8E0257C0265001EA82A /* KingfisherStatic */,
				6B41E8E2257C0265001EA82A /* KingfisherSwiftUIStatic */,
				6B41E8E7257C0265001EA82A /* Kingfisher */,
				6B41E8EC257C0265001EA82A /* KingfisherSwiftUI */,
				6B41E8F2257C040A001EA82A /* SDWebImageSwiftUI */,
			);
			productName = TravelDiscovery;
			productReference = 6B22380E257AC92F007AD921 /* TravelDiscovery.app */;
			productType = "com.apple.product-type.application";
		};
		6B22381E257AC937007AD921 /* TravelDiscoveryTests */ = {
			isa = PBXNativeTarget;
			buildConfigurationList = 6B223836257AC937007AD921 /* Build configuration list for PBXNativeTarget "TravelDiscoveryTests" */;
			buildPhases = (
				6B22381B257AC937007AD921 /* Sources */,
				6B22381C257AC937007AD921 /* Frameworks */,
				6B22381D257AC937007AD921 /* Resources */,
			);
			buildRules = (
			);
			dependencies = (
				6B223821257AC937007AD921 /* PBXTargetDependency */,
			);
			name = TravelDiscoveryTests;
			productName = TravelDiscoveryTests;
			productReference = 6B22381F257AC937007AD921 /* TravelDiscoveryTests.xctest */;
			productType = "com.apple.product-type.bundle.unit-test";
		};
		6B223829257AC937007AD921 /* TravelDiscoveryUITests */ = {
			isa = PBXNativeTarget;
			buildConfigurationList = 6B223839257AC937007AD921 /* Build configuration list for PBXNativeTarget "TravelDiscoveryUITests" */;
			buildPhases = (
				6B223826257AC937007AD921 /* Sources */,
				6B223827257AC937007AD921 /* Frameworks */,
				6B223828257AC937007AD921 /* Resources */,
			);
			buildRules = (
			);
			dependencies = (
				6B22382C257AC937007AD921 /* PBXTargetDependency */,
			);
			name = TravelDiscoveryUITests;
			productName = TravelDiscoveryUITests;
			productReference = 6B22382A257AC937007AD921 /* TravelDiscoveryUITests.xctest */;
			productType = "com.apple.product-type.bundle.ui-testing";
		};
/* End PBXNativeTarget section */

/* Begin PBXProject section */
		6B223806257AC92F007AD921 /* Project object */ = {
			isa = PBXProject;
			attributes = {
				LastSwiftUpdateCheck = 1220;
				LastUpgradeCheck = 1220;
				TargetAttributes = {
					6B22380D257AC92F007AD921 = {
						CreatedOnToolsVersion = 12.2;
					};
					6B22381E257AC937007AD921 = {
						CreatedOnToolsVersion = 12.2;
						TestTargetID = 6B22380D257AC92F007AD921;
					};
					6B223829257AC937007AD921 = {
						CreatedOnToolsVersion = 12.2;
						TestTargetID = 6B22380D257AC92F007AD921;
					};
				};
			};
			buildConfigurationList = 6B223809257AC92F007AD921 /* Build configuration list for PBXProject "TravelDiscovery" */;
			compatibilityVersion = "Xcode 9.3";
			developmentRegion = en;
			hasScannedForEncodings = 0;
			knownRegions = (
				en,
				Base,
			);
			mainGroup = 6B223805257AC92F007AD921;
			packageReferences = (
				6B41E8DF257C0265001EA82A /* XCRemoteSwiftPackageReference "Kingfisher" */,
				6B41E8F1257C040A001EA82A /* XCRemoteSwiftPackageReference "SDWebImageSwiftUI" */,
			);
			productRefGroup = 6B22380F257AC92F007AD921 /* Products */;
			projectDirPath = "";
			projectRoot = "";
			targets = (
				6B22380D257AC92F007AD921 /* TravelDiscovery */,
				6B22381E257AC937007AD921 /* TravelDiscoveryTests */,
				6B223829257AC937007AD921 /* TravelDiscoveryUITests */,
			);
		};
/* End PBXProject section */

/* Begin PBXResourcesBuildPhase section */
		6B22380C257AC92F007AD921 /* Resources */ = {
			isa = PBXResourcesBuildPhase;
			buildActionMask = 2147483647;
			files = (
				6B223819257AC937007AD921 /* Preview Assets.xcassets in Resources */,
				6B223816257AC937007AD921 /* Assets.xcassets in Resources */,
			);
			runOnlyForDeploymentPostprocessing = 0;
		};
		6B22381D257AC937007AD921 /* Resources */ = {
			isa = PBXResourcesBuildPhase;
			buildActionMask = 2147483647;
			files = (
			);
			runOnlyForDeploymentPostprocessing = 0;
		};
		6B223828257AC937007AD921 /* Resources */ = {
			isa = PBXResourcesBuildPhase;
			buildActionMask = 2147483647;
			files = (
			);
			runOnlyForDeploymentPostprocessing = 0;
		};
/* End PBXResourcesBuildPhase section */

/* Begin PBXSourcesBuildPhase section */
		6B22380A257AC92F007AD921 /* Sources */ = {
			isa = PBXSourcesBuildPhase;
			buildActionMask = 2147483647;
			files = (
				6BDDB0B7257B28B000E120C6 /* TrendingCreatorsView.swift in Sources */,
				6B41E906257C09A7001EA82A /* Place.swift in Sources */,
				6BDDB0D4257B29E900E120C6 /* Category.swift in Sources */,
				6BDDB0AA257B27B600E120C6 /* PopularDestinationsView.swift in Sources */,
				6BDDB0AF257B281300E120C6 /* PopularRestaurantsView.swift in Sources */,
				6B223814257AC92F007AD921 /* DiscoverView.swift in Sources */,
				6BDDB0CA257B29B600E120C6 /* Restaurant.swift in Sources */,
				6BDDB0CF257B29CE00E120C6 /* User.swift in Sources */,
				6B41E914257C2015001EA82A /* NavigationLazyView.swift in Sources */,
				6B223812257AC92F007AD921 /* TravelDiscoveryApp.swift in Sources */,
				6BB93451257FD1C100DD4EC5 /* Dish.swift in Sources */,
				6BD1926325803DAB009B6041 /* RestaurantCarousalView.swift in Sources */,
				6B12E89E257F057D008AACEA /* RestaurantDetailsView.swift in Sources */,
				6B12E891257EC392008AACEA /* DestinationHeaderContainer.swift in Sources */,
				6BDDB0E2257B2DB700E120C6 /* TileModifer.swift in Sources */,
				6BAEF46D25801E7800D9E440 /* RestaurantPhotosView.swift in Sources */,
				6B41E8F9257C0811001EA82A /* CategoriesDetailsView.swift in Sources */,
				6BDDB0BC257B28F000E120C6 /* DiscoverCategoriesView.swift in Sources */,
				6BDDB0C2257B297800E120C6 /* Destination.swift in Sources */,
				6B12E897257EC3E6008AACEA /* Attraction.swift in Sources */,
				6B41E90A257C09DC001EA82A /* ActivityIndicatorView.swift in Sources */,
			);
			runOnlyForDeploymentPostprocessing = 0;
		};
		6B22381B257AC937007AD921 /* Sources */ = {
			isa = PBXSourcesBuildPhase;
			buildActionMask = 2147483647;
			files = (
				6B223824257AC937007AD921 /* TravelDiscoveryTests.swift in Sources */,
			);
			runOnlyForDeploymentPostprocessing = 0;
		};
		6B223826257AC937007AD921 /* Sources */ = {
			isa = PBXSourcesBuildPhase;
			buildActionMask = 2147483647;
			files = (
				6B22382F257AC937007AD921 /* TravelDiscoveryUITests.swift in Sources */,
			);
			runOnlyForDeploymentPostprocessing = 0;
		};
/* End PBXSourcesBuildPhase section */

/* Begin PBXTargetDependency section */
		6B223821257AC937007AD921 /* PBXTargetDependency */ = {
			isa = PBXTargetDependency;
			target = 6B22380D257AC92F007AD921 /* TravelDiscovery */;
			targetProxy = 6B223820257AC937007AD921 /* PBXContainerItemProxy */;
		};
		6B22382C257AC937007AD921 /* PBXTargetDependency */ = {
			isa = PBXTargetDependency;
			target = 6B22380D257AC92F007AD921 /* TravelDiscovery */;
			targetProxy = 6B22382B257AC937007AD921 /* PBXContainerItemProxy */;
		};
/* End PBXTargetDependency section */

/* Begin XCBuildConfiguration section */
		6B223831257AC937007AD921 /* Debug */ = {
			isa = XCBuildConfiguration;
			buildSettings = {
				ALWAYS_SEARCH_USER_PATHS = NO;
				CLANG_ANALYZER_NONNULL = YES;
				CLANG_ANALYZER_NUMBER_OBJECT_CONVERSION = YES_AGGRESSIVE;
				CLANG_CXX_LANGUAGE_STANDARD = "gnu++14";
				CLANG_CXX_LIBRARY = "libc++";
				CLANG_ENABLE_MODULES = YES;
				CLANG_ENABLE_OBJC_ARC = YES;
				CLANG_ENABLE_OBJC_WEAK = YES;
				CLANG_WARN_BLOCK_CAPTURE_AUTORELEASING = YES;
				CLANG_WARN_BOOL_CONVERSION = YES;
				CLANG_WARN_COMMA = YES;
				CLANG_WARN_CONSTANT_CONVERSION = YES;
				CLANG_WARN_DEPRECATED_OBJC_IMPLEMENTATIONS = YES;
				CLANG_WARN_DIRECT_OBJC_ISA_USAGE = YES_ERROR;
				CLANG_WARN_DOCUMENTATION_COMMENTS = YES;
				CLANG_WARN_EMPTY_BODY = YES;
				CLANG_WARN_ENUM_CONVERSION = YES;
				CLANG_WARN_INFINITE_RECURSION = YES;
				CLANG_WARN_INT_CONVERSION = YES;
				CLANG_WARN_NON_LITERAL_NULL_CONVERSION = YES;
				CLANG_WARN_OBJC_IMPLICIT_RETAIN_SELF = YES;
				CLANG_WARN_OBJC_LITERAL_CONVERSION = YES;
				CLANG_WARN_OBJC_ROOT_CLASS = YES_ERROR;
				CLANG_WARN_QUOTED_INCLUDE_IN_FRAMEWORK_HEADER = YES;
				CLANG_WARN_RANGE_LOOP_ANALYSIS = YES;
				CLANG_WARN_STRICT_PROTOTYPES = YES;
				CLANG_WARN_SUSPICIOUS_MOVE = YES;
				CLANG_WARN_UNGUARDED_AVAILABILITY = YES_AGGRESSIVE;
				CLANG_WARN_UNREACHABLE_CODE = YES;
				CLANG_WARN__DUPLICATE_METHOD_MATCH = YES;
				COPY_PHASE_STRIP = NO;
				DEBUG_INFORMATION_FORMAT = dwarf;
				ENABLE_STRICT_OBJC_MSGSEND = YES;
				ENABLE_TESTABILITY = YES;
				GCC_C_LANGUAGE_STANDARD = gnu11;
				GCC_DYNAMIC_NO_PIC = NO;
				GCC_NO_COMMON_BLOCKS = YES;
				GCC_OPTIMIZATION_LEVEL = 0;
				GCC_PREPROCESSOR_DEFINITIONS = (
					"DEBUG=1",
					"$(inherited)",
				);
				GCC_WARN_64_TO_32_BIT_CONVERSION = YES;
				GCC_WARN_ABOUT_RETURN_TYPE = YES_ERROR;
				GCC_WARN_UNDECLARED_SELECTOR = YES;
				GCC_WARN_UNINITIALIZED_AUTOS = YES_AGGRESSIVE;
				GCC_WARN_UNUSED_FUNCTION = YES;
				GCC_WARN_UNUSED_VARIABLE = YES;
				IPHONEOS_DEPLOYMENT_TARGET = 14.2;
				MTL_ENABLE_DEBUG_INFO = INCLUDE_SOURCE;
				MTL_FAST_MATH = YES;
				ONLY_ACTIVE_ARCH = YES;
				SDKROOT = iphoneos;
				SWIFT_ACTIVE_COMPILATION_CONDITIONS = DEBUG;
				SWIFT_OPTIMIZATION_LEVEL = "-Onone";
			};
			name = Debug;
		};
		6B223832257AC937007AD921 /* Release */ = {
			isa = XCBuildConfiguration;
			buildSettings = {
				ALWAYS_SEARCH_USER_PATHS = NO;
				CLANG_ANALYZER_NONNULL = YES;
				CLANG_ANALYZER_NUMBER_OBJECT_CONVERSION = YES_AGGRESSIVE;
				CLANG_CXX_LANGUAGE_STANDARD = "gnu++14";
				CLANG_CXX_LIBRARY = "libc++";
				CLANG_ENABLE_MODULES = YES;
				CLANG_ENABLE_OBJC_ARC = YES;
				CLANG_ENABLE_OBJC_WEAK = YES;
				CLANG_WARN_BLOCK_CAPTURE_AUTORELEASING = YES;
				CLANG_WARN_BOOL_CONVERSION = YES;
				CLANG_WARN_COMMA = YES;
				CLANG_WARN_CONSTANT_CONVERSION = YES;
				CLANG_WARN_DEPRECATED_OBJC_IMPLEMENTATIONS = YES;
				CLANG_WARN_DIRECT_OBJC_ISA_USAGE = YES_ERROR;
				CLANG_WARN_DOCUMENTATION_COMMENTS = YES;
				CLANG_WARN_EMPTY_BODY = YES;
				CLANG_WARN_ENUM_CONVERSION = YES;
				CLANG_WARN_INFINITE_RECURSION = YES;
				CLANG_WARN_INT_CONVERSION = YES;
				CLANG_WARN_NON_LITERAL_NULL_CONVERSION = YES;
				CLANG_WARN_OBJC_IMPLICIT_RETAIN_SELF = YES;
				CLANG_WARN_OBJC_LITERAL_CONVERSION = YES;
				CLANG_WARN_OBJC_ROOT_CLASS = YES_ERROR;
				CLANG_WARN_QUOTED_INCLUDE_IN_FRAMEWORK_HEADER = YES;
				CLANG_WARN_RANGE_LOOP_ANALYSIS = YES;
				CLANG_WARN_STRICT_PROTOTYPES = YES;
				CLANG_WARN_SUSPICIOUS_MOVE = YES;
				CLANG_WARN_UNGUARDED_AVAILABILITY = YES_AGGRESSIVE;
				CLANG_WARN_UNREACHABLE_CODE = YES;
				CLANG_WARN__DUPLICATE_METHOD_MATCH = YES;
				COPY_PHASE_STRIP = NO;
				DEBUG_INFORMATION_FORMAT = "dwarf-with-dsym";
				ENABLE_NS_ASSERTIONS = NO;
				ENABLE_STRICT_OBJC_MSGSEND = YES;
				GCC_C_LANGUAGE_STANDARD = gnu11;
				GCC_NO_COMMON_BLOCKS = YES;
				GCC_WARN_64_TO_32_BIT_CONVERSION = YES;
				GCC_WARN_ABOUT_RETURN_TYPE = YES_ERROR;
				GCC_WARN_UNDECLARED_SELECTOR = YES;
				GCC_WARN_UNINITIALIZED_AUTOS = YES_AGGRESSIVE;
				GCC_WARN_UNUSED_FUNCTION = YES;
				GCC_WARN_UNUSED_VARIABLE = YES;
				IPHONEOS_DEPLOYMENT_TARGET = 14.2;
				MTL_ENABLE_DEBUG_INFO = NO;
				MTL_FAST_MATH = YES;
				SDKROOT = iphoneos;
				SWIFT_COMPILATION_MODE = wholemodule;
				SWIFT_OPTIMIZATION_LEVEL = "-O";
				VALIDATE_PRODUCT = YES;
			};
			name = Release;
		};
		6B223834257AC937007AD921 /* Debug */ = {
			isa = XCBuildConfiguration;
			buildSettings = {
				ASSETCATALOG_COMPILER_APPICON_NAME = AppIcon;
				ASSETCATALOG_COMPILER_GLOBAL_ACCENT_COLOR_NAME = AccentColor;
				CODE_SIGN_STYLE = Automatic;
				DEVELOPMENT_ASSET_PATHS = "\"TravelDiscovery/Preview Content\"";
				DEVELOPMENT_TEAM = D47C2NZJN5;
				ENABLE_PREVIEWS = YES;
				INFOPLIST_FILE = TravelDiscovery/Info.plist;
				IPHONEOS_DEPLOYMENT_TARGET = 14.0;
				LD_RUNPATH_SEARCH_PATHS = (
					"$(inherited)",
					"@executable_path/Frameworks",
				);
				PRODUCT_BUNDLE_IDENTIFIER = Matthew.Garlington.TravelDiscovery;
				PRODUCT_NAME = "$(TARGET_NAME)";
				SWIFT_VERSION = 5.0;
				TARGETED_DEVICE_FAMILY = "1,2";
			};
			name = Debug;
		};
		6B223835257AC937007AD921 /* Release */ = {
			isa = XCBuildConfiguration;
			buildSettings = {
				ASSETCATALOG_COMPILER_APPICON_NAME = AppIcon;
				ASSETCATALOG_COMPILER_GLOBAL_ACCENT_COLOR_NAME = AccentColor;
				CODE_SIGN_STYLE = Automatic;
				DEVELOPMENT_ASSET_PATHS = "\"TravelDiscovery/Preview Content\"";
				DEVELOPMENT_TEAM = D47C2NZJN5;
				ENABLE_PREVIEWS = YES;
				INFOPLIST_FILE = TravelDiscovery/Info.plist;
				IPHONEOS_DEPLOYMENT_TARGET = 14.0;
				LD_RUNPATH_SEARCH_PATHS = (
					"$(inherited)",
					"@executable_path/Frameworks",
				);
				PRODUCT_BUNDLE_IDENTIFIER = Matthew.Garlington.TravelDiscovery;
				PRODUCT_NAME = "$(TARGET_NAME)";
				SWIFT_VERSION = 5.0;
				TARGETED_DEVICE_FAMILY = "1,2";
			};
			name = Release;
		};
		6B223837257AC937007AD921 /* Debug */ = {
			isa = XCBuildConfiguration;
			buildSettings = {
				ALWAYS_EMBED_SWIFT_STANDARD_LIBRARIES = YES;
				BUNDLE_LOADER = "$(TEST_HOST)";
				CODE_SIGN_STYLE = Automatic;
				DEVELOPMENT_TEAM = D47C2NZJN5;
				INFOPLIST_FILE = TravelDiscoveryTests/Info.plist;
				IPHONEOS_DEPLOYMENT_TARGET = 14.0;
				LD_RUNPATH_SEARCH_PATHS = (
					"$(inherited)",
					"@executable_path/Frameworks",
					"@loader_path/Frameworks",
				);
				PRODUCT_BUNDLE_IDENTIFIER = Matthew.Garlington.TravelDiscoveryTests;
				PRODUCT_NAME = "$(TARGET_NAME)";
				SWIFT_VERSION = 5.0;
				TARGETED_DEVICE_FAMILY = "1,2";
				TEST_HOST = "$(BUILT_PRODUCTS_DIR)/TravelDiscovery.app/TravelDiscovery";
			};
			name = Debug;
		};
		6B223838257AC937007AD921 /* Release */ = {
			isa = XCBuildConfiguration;
			buildSettings = {
				ALWAYS_EMBED_SWIFT_STANDARD_LIBRARIES = YES;
				BUNDLE_LOADER = "$(TEST_HOST)";
				CODE_SIGN_STYLE = Automatic;
				DEVELOPMENT_TEAM = D47C2NZJN5;
				INFOPLIST_FILE = TravelDiscoveryTests/Info.plist;
				IPHONEOS_DEPLOYMENT_TARGET = 14.0;
				LD_RUNPATH_SEARCH_PATHS = (
					"$(inherited)",
					"@executable_path/Frameworks",
					"@loader_path/Frameworks",
				);
				PRODUCT_BUNDLE_IDENTIFIER = Matthew.Garlington.TravelDiscoveryTests;
				PRODUCT_NAME = "$(TARGET_NAME)";
				SWIFT_VERSION = 5.0;
				TARGETED_DEVICE_FAMILY = "1,2";
				TEST_HOST = "$(BUILT_PRODUCTS_DIR)/TravelDiscovery.app/TravelDiscovery";
			};
			name = Release;
		};
		6B22383A257AC937007AD921 /* Debug */ = {
			isa = XCBuildConfiguration;
			buildSettings = {
				ALWAYS_EMBED_SWIFT_STANDARD_LIBRARIES = YES;
				CODE_SIGN_STYLE = Automatic;
				DEVELOPMENT_TEAM = D47C2NZJN5;
				INFOPLIST_FILE = TravelDiscoveryUITests/Info.plist;
				LD_RUNPATH_SEARCH_PATHS = (
					"$(inherited)",
					"@executable_path/Frameworks",
					"@loader_path/Frameworks",
				);
				PRODUCT_BUNDLE_IDENTIFIER = Matthew.Garlington.TravelDiscoveryUITests;
				PRODUCT_NAME = "$(TARGET_NAME)";
				SWIFT_VERSION = 5.0;
				TARGETED_DEVICE_FAMILY = "1,2";
				TEST_TARGET_NAME = TravelDiscovery;
			};
			name = Debug;
		};
		6B22383B257AC937007AD921 /* Release */ = {
			isa = XCBuildConfiguration;
			buildSettings = {
				ALWAYS_EMBED_SWIFT_STANDARD_LIBRARIES = YES;
				CODE_SIGN_STYLE = Automatic;
				DEVELOPMENT_TEAM = D47C2NZJN5;
				INFOPLIST_FILE = TravelDiscoveryUITests/Info.plist;
				LD_RUNPATH_SEARCH_PATHS = (
					"$(inherited)",
					"@executable_path/Frameworks",
					"@loader_path/Frameworks",
				);
				PRODUCT_BUNDLE_IDENTIFIER = Matthew.Garlington.TravelDiscoveryUITests;
				PRODUCT_NAME = "$(TARGET_NAME)";
				SWIFT_VERSION = 5.0;
				TARGETED_DEVICE_FAMILY = "1,2";
				TEST_TARGET_NAME = TravelDiscovery;
			};
			name = Release;
		};
/* End XCBuildConfiguration section */

/* Begin XCConfigurationList section */
		6B223809257AC92F007AD921 /* Build configuration list for PBXProject "TravelDiscovery" */ = {
			isa = XCConfigurationList;
			buildConfigurations = (
				6B223831257AC937007AD921 /* Debug */,
				6B223832257AC937007AD921 /* Release */,
			);
			defaultConfigurationIsVisible = 0;
			defaultConfigurationName = Release;
		};
		6B223833257AC937007AD921 /* Build configuration list for PBXNativeTarget "TravelDiscovery" */ = {
			isa = XCConfigurationList;
			buildConfigurations = (
				6B223834257AC937007AD921 /* Debug */,
				6B223835257AC937007AD921 /* Release */,
			);
			defaultConfigurationIsVisible = 0;
			defaultConfigurationName = Release;
		};
		6B223836257AC937007AD921 /* Build configuration list for PBXNativeTarget "TravelDiscoveryTests" */ = {
			isa = XCConfigurationList;
			buildConfigurations = (
				6B223837257AC937007AD921 /* Debug */,
				6B223838257AC937007AD921 /* Release */,
			);
			defaultConfigurationIsVisible = 0;
			defaultConfigurationName = Release;
		};
		6B223839257AC937007AD921 /* Build configuration list for PBXNativeTarget "TravelDiscoveryUITests" */ = {
			isa = XCConfigurationList;
			buildConfigurations = (
				6B22383A257AC937007AD921 /* Debug */,
				6B22383B257AC937007AD921 /* Release */,
			);
			defaultConfigurationIsVisible = 0;
			defaultConfigurationName = Release;
		};
/* End XCConfigurationList section */

/* Begin XCRemoteSwiftPackageReference section */
		6B41E8DF257C0265001EA82A /* XCRemoteSwiftPackageReference "Kingfisher" */ = {
			isa = XCRemoteSwiftPackageReference;
			repositoryURL = "https://github.com/onevcat/Kingfisher.git";
			requirement = {
				kind = upToNextMajorVersion;
				minimumVersion = 5.15.8;
			};
		};
		6B41E8F1257C040A001EA82A /* XCRemoteSwiftPackageReference "SDWebImageSwiftUI" */ = {
			isa = XCRemoteSwiftPackageReference;
			repositoryURL = "https://github.com/SDWebImage/SDWebImageSwiftUI.git";
			requirement = {
				kind = upToNextMajorVersion;
				minimumVersion = 1.5.0;
			};
		};
/* End XCRemoteSwiftPackageReference section */

/* Begin XCSwiftPackageProductDependency section */
		6B41E8E0257C0265001EA82A /* KingfisherStatic */ = {
			isa = XCSwiftPackageProductDependency;
			package = 6B41E8DF257C0265001EA82A /* XCRemoteSwiftPackageReference "Kingfisher" */;
			productName = KingfisherStatic;
		};
		6B41E8E2257C0265001EA82A /* KingfisherSwiftUIStatic */ = {
			isa = XCSwiftPackageProductDependency;
			package = 6B41E8DF257C0265001EA82A /* XCRemoteSwiftPackageReference "Kingfisher" */;
			productName = KingfisherSwiftUIStatic;
		};
		6B41E8E7257C0265001EA82A /* Kingfisher */ = {
			isa = XCSwiftPackageProductDependency;
			package = 6B41E8DF257C0265001EA82A /* XCRemoteSwiftPackageReference "Kingfisher" */;
			productName = Kingfisher;
		};
		6B41E8EC257C0265001EA82A /* KingfisherSwiftUI */ = {
			isa = XCSwiftPackageProductDependency;
			package = 6B41E8DF257C0265001EA82A /* XCRemoteSwiftPackageReference "Kingfisher" */;
			productName = KingfisherSwiftUI;
		};
		6B41E8F2257C040A001EA82A /* SDWebImageSwiftUI */ = {
			isa = XCSwiftPackageProductDependency;
			package = 6B41E8F1257C040A001EA82A /* XCRemoteSwiftPackageReference "SDWebImageSwiftUI" */;
			productName = SDWebImageSwiftUI;
		};
/* End XCSwiftPackageProductDependency section */
	};
	rootObject = 6B223806257AC92F007AD921 /* Project object */;
}
